// !$*UTF8*$!
{
	archiveVersion = 1;
	classes = {
	};
	objectVersion = 77;
	objects = {

/* Begin PBXContainerItemProxy section */
		280FEEFF2C9C50F500751761 /* PBXContainerItemProxy */ = {
			isa = PBXContainerItemProxy;
			containerPortal = 280FEEDD2C9C50F300751761 /* Project object */;
			proxyType = 1;
			remoteGlobalIDString = 280FEEE42C9C50F300751761;
			remoteInfo = GradesFunctionThing;
		};
		280FEF092C9C50F500751761 /* PBXContainerItemProxy */ = {
			isa = PBXContainerItemProxy;
			containerPortal = 280FEEDD2C9C50F300751761 /* Project object */;
			proxyType = 1;
			remoteGlobalIDString = 280FEEE42C9C50F300751761;
			remoteInfo = GradesFunctionThing;
		};
/* End PBXContainerItemProxy section */

/* Begin PBXFileReference section */
		280FEEE52C9C50F300751761 /* GradesFunctionThing.app */ = {isa = PBXFileReference; explicitFileType = wrapper.application; includeInIndex = 0; path = GradesFunctionThing.app; sourceTree = BUILT_PRODUCTS_DIR; };
		280FEEFE2C9C50F500751761 /* GradesFunctionThingTests.xctest */ = {isa = PBXFileReference; explicitFileType = wrapper.cfbundle; includeInIndex = 0; path = GradesFunctionThingTests.xctest; sourceTree = BUILT_PRODUCTS_DIR; };
		280FEF082C9C50F500751761 /* GradesFunctionThingUITests.xctest */ = {isa = PBXFileReference; explicitFileType = wrapper.cfbundle; includeInIndex = 0; path = GradesFunctionThingUITests.xctest; sourceTree = BUILT_PRODUCTS_DIR; };
/* End PBXFileReference section */

/* Begin PBXFileSystemSynchronizedBuildFileExceptionSet section */
		280FEF102C9C50F500751761 /* Exceptions for "GradesFunctionThing" folder in "GradesFunctionThing" target */ = {
			isa = PBXFileSystemSynchronizedBuildFileExceptionSet;
			membershipExceptions = (
				Info.plist,
			);
			target = 280FEEE42C9C50F300751761 /* GradesFunctionThing */;
		};
/* End PBXFileSystemSynchronizedBuildFileExceptionSet section */

/* Begin PBXFileSystemSynchronizedRootGroup section */
		280FEEE72C9C50F300751761 /* GradesFunctionThing */ = {
			isa = PBXFileSystemSynchronizedRootGroup;
			exceptions = (
				280FEF102C9C50F500751761 /* Exceptions for "GradesFunctionThing" folder in "GradesFunctionThing" target */,
			);
			path = GradesFunctionThing;
			sourceTree = "<group>";
		};
		280FEF012C9C50F500751761 /* GradesFunctionThingTests */ = {
			isa = PBXFileSystemSynchronizedRootGroup;
			path = GradesFunctionThingTests;
			sourceTree = "<group>";
		};
		280FEF0B2C9C50F500751761 /* GradesFunctionThingUITests */ = {
			isa = PBXFileSystemSynchronizedRootGroup;
			path = GradesFunctionThingUITests;
			sourceTree = "<group>";
		};
/* End PBXFileSystemSynchronizedRootGroup section */

/* Begin PBXFrameworksBuildPhase section */
		280FEEE22C9C50F300751761 /* Frameworks */ = {
			isa = PBXFrameworksBuildPhase;
			buildActionMask = 2147483647;
			files = (
			);
			runOnlyForDeploymentPostprocessing = 0;
		};
		280FEEFB2C9C50F500751761 /* Frameworks */ = {
			isa = PBXFrameworksBuildPhase;
			buildActionMask = 2147483647;
			files = (
			);
			runOnlyForDeploymentPostprocessing = 0;
		};
		280FEF052C9C50F500751761 /* Frameworks */ = {
			isa = PBXFrameworksBuildPhase;
			buildActionMask = 2147483647;
			files = (
			);
			runOnlyForDeploymentPostprocessing = 0;
		};
/* End PBXFrameworksBuildPhase section */

/* Begin PBXGroup section */
		280FEEDC2C9C50F300751761 = {
			isa = PBXGroup;
			children = (
				280FEEE72C9C50F300751761 /* GradesFunctionThing */,
				280FEF012C9C50F500751761 /* GradesFunctionThingTests */,
				280FEF0B2C9C50F500751761 /* GradesFunctionThingUITests */,
				280FEEE62C9C50F300751761 /* Products */,
			);
			sourceTree = "<group>";
		};
		280FEEE62C9C50F300751761 /* Products */ = {
			isa = PBXGroup;
			children = (
				280FEEE52C9C50F300751761 /* GradesFunctionThing.app */,
				280FEEFE2C9C50F500751761 /* GradesFunctionThingTests.xctest */,
				280FEF082C9C50F500751761 /* GradesFunctionThingUITests.xctest */,
			);
			name = Products;
			sourceTree = "<group>";
		};
/* End PBXGroup section */

/* Begin PBXNativeTarget section */
		280FEEE42C9C50F300751761 /* GradesFunctionThing */ = {
			isa = PBXNativeTarget;
			buildConfigurationList = 280FEF112C9C50F500751761 /* Build configuration list for PBXNativeTarget "GradesFunctionThing" */;
			buildPhases = (
				280FEEE12C9C50F300751761 /* Sources */,
				280FEEE22C9C50F300751761 /* Frameworks */,
				280FEEE32C9C50F300751761 /* Resources */,
			);
			buildRules = (
			);
			dependencies = (
			);
			fileSystemSynchronizedGroups = (
				280FEEE72C9C50F300751761 /* GradesFunctionThing */,
			);
			name = GradesFunctionThing;
			packageProductDependencies = (
			);
			productName = GradesFunctionThing;
			productReference = 280FEEE52C9C50F300751761 /* GradesFunctionThing.app */;
			productType = "com.apple.product-type.application";
		};
		280FEEFD2C9C50F500751761 /* GradesFunctionThingTests */ = {
			isa = PBXNativeTarget;
			buildConfigurationList = 280FEF162C9C50F500751761 /* Build configuration list for PBXNativeTarget "GradesFunctionThingTests" */;
			buildPhases = (
				280FEEFA2C9C50F500751761 /* Sources */,
				280FEEFB2C9C50F500751761 /* Frameworks */,
				280FEEFC2C9C50F500751761 /* Resources */,
			);
			buildRules = (
			);
			dependencies = (
				280FEF002C9C50F500751761 /* PBXTargetDependency */,
			);
			fileSystemSynchronizedGroups = (
				280FEF012C9C50F500751761 /* GradesFunctionThingTests */,
			);
			name = GradesFunctionThingTests;
			packageProductDependencies = (
			);
			productName = GradesFunctionThingTests;
			productReference = 280FEEFE2C9C50F500751761 /* GradesFunctionThingTests.xctest */;
			productType = "com.apple.product-type.bundle.unit-test";
		};
		280FEF072C9C50F500751761 /* GradesFunctionThingUITests */ = {
			isa = PBXNativeTarget;
			buildConfigurationList = 280FEF192C9C50F500751761 /* Build configuration list for PBXNativeTarget "GradesFunctionThingUITests" */;
			buildPhases = (
				280FEF042C9C50F500751761 /* Sources */,
				280FEF052C9C50F500751761 /* Frameworks */,
				280FEF062C9C50F500751761 /* Resources */,
			);
			buildRules = (
			);
			dependencies = (
				280FEF0A2C9C50F500751761 /* PBXTargetDependency */,
			);
			fileSystemSynchronizedGroups = (
				280FEF0B2C9C50F500751761 /* GradesFunctionThingUITests */,
			);
			name = GradesFunctionThingUITests;
			packageProductDependencies = (
			);
			productName = GradesFunctionThingUITests;
			productReference = 280FEF082C9C50F500751761 /* GradesFunctionThingUITests.xctest */;
			productType = "com.apple.product-type.bundle.ui-testing";
		};
/* End PBXNativeTarget section */

/* Begin PBXProject section */
		280FEEDD2C9C50F300751761 /* Project object */ = {
			isa = PBXProject;
			attributes = {
				BuildIndependentTargetsInParallel = 1;
				LastSwiftUpdateCheck = 1600;
				LastUpgradeCheck = 1600;
				TargetAttributes = {
					280FEEE42C9C50F300751761 = {
						CreatedOnToolsVersion = 16.0;
					};
					280FEEFD2C9C50F500751761 = {
						CreatedOnToolsVersion = 16.0;
						TestTargetID = 280FEEE42C9C50F300751761;
					};
					280FEF072C9C50F500751761 = {
						CreatedOnToolsVersion = 16.0;
						TestTargetID = 280FEEE42C9C50F300751761;
					};
				};
			};
			buildConfigurationList = 280FEEE02C9C50F300751761 /* Build configuration list for PBXProject "GradesFunctionThing" */;
			developmentRegion = en;
			hasScannedForEncodings = 0;
			knownRegions = (
				en,
				Base,
			);
			mainGroup = 280FEEDC2C9C50F300751761;
			minimizedProjectReferenceProxies = 1;
			preferredProjectObjectVersion = 77;
			productRefGroup = 280FEEE62C9C50F300751761 /* Products */;
			projectDirPath = "";
			projectRoot = "";
			targets = (
				280FEEE42C9C50F300751761 /* GradesFunctionThing */,
				280FEEFD2C9C50F500751761 /* GradesFunctionThingTests */,
				280FEF072C9C50F500751761 /* GradesFunctionThingUITests */,
			);
		};
/* End PBXProject section */

/* Begin PBXResourcesBuildPhase section */
		280FEEE32C9C50F300751761 /* Resources */ = {
			isa = PBXResourcesBuildPhase;
			buildActionMask = 2147483647;
			files = (
			);
			runOnlyForDeploymentPostprocessing = 0;
		};
		280FEEFC2C9C50F500751761 /* Resources */ = {
			isa = PBXResourcesBuildPhase;
			buildActionMask = 2147483647;
			files = (
			);
			runOnlyForDeploymentPostprocessing = 0;
		};
		280FEF062C9C50F500751761 /* Resources */ = {
			isa = PBXResourcesBuildPhase;
			buildActionMask = 2147483647;
			files = (
			);
			runOnlyForDeploymentPostprocessing = 0;
		};
/* End PBXResourcesBuildPhase section */

/* Begin PBXSourcesBuildPhase section */
		280FEEE12C9C50F300751761 /* Sources */ = {
			isa = PBXSourcesBuildPhase;
			buildActionMask = 2147483647;
			files = (
			);
			runOnlyForDeploymentPostprocessing = 0;
		};
		280FEEFA2C9C50F500751761 /* Sources */ = {
			isa = PBXSourcesBuildPhase;
			buildActionMask = 2147483647;
			files = (
			);
			runOnlyForDeploymentPostprocessing = 0;
		};
		280FEF042C9C50F500751761 /* Sources */ = {
			isa = PBXSourcesBuildPhase;
			buildActionMask = 2147483647;
			files = (
			);
			runOnlyForDeploymentPostprocessing = 0;
		};
/* End PBXSourcesBuildPhase section */

/* Begin PBXTargetDependency section */
		280FEF002C9C50F500751761 /* PBXTargetDependency */ = {
			isa = PBXTargetDependency;
			target = 280FEEE42C9C50F300751761 /* GradesFunctionThing */;
			targetProxy = 280FEEFF2C9C50F500751761 /* PBXContainerItemProxy */;
		};
		280FEF0A2C9C50F500751761 /* PBXTargetDependency */ = {
			isa = PBXTargetDependency;
			target = 280FEEE42C9C50F300751761 /* GradesFunctionThing */;
			targetProxy = 280FEF092C9C50F500751761 /* PBXContainerItemProxy */;
		};
/* End PBXTargetDependency section */

/* Begin XCBuildConfiguration section */
		280FEF122C9C50F500751761 /* Debug */ = {
			isa = XCBuildConfiguration;
			buildSettings = {
				ASSETCATALOG_COMPILER_APPICON_NAME = AppIcon;
				ASSETCATALOG_COMPILER_GLOBAL_ACCENT_COLOR_NAME = AccentColor;
				CODE_SIGN_STYLE = Automatic;
				CURRENT_PROJECT_VERSION = 1;
				DEVELOPMENT_TEAM = TLM7AGR4U4;
				GENERATE_INFOPLIST_FILE = YES;
				INFOPLIST_FILE = GradesFunctionThing/Info.plist;
				INFOPLIST_KEY_UIApplicationSupportsIndirectInputEvents = YES;
				INFOPLIST_KEY_UILaunchStoryboardName = LaunchScreen;
				INFOPLIST_KEY_UIMainStoryboardFile = Main;
				INFOPLIST_KEY_UISupportedInterfaceOrientations_iPad = "UIInterfaceOrientationPortrait UIInterfaceOrientationPortraitUpsideDown UIInterfaceOrientationLandscapeLeft UIInterfaceOrientationLandscapeRight";
				INFOPLIST_KEY_UISupportedInterfaceOrientations_iPhone = "UIInterfaceOrientationPortrait UIInterfaceOrientationLandscapeLeft UIInterfaceOrientationLandscapeRight";
				LD_RUNPATH_SEARCH_PATHS = (
					"$(inherited)",
					"@executable_path/Frameworks",
				);
				MARKETING_VERSION = 1.0;
				PRODUCT_BUNDLE_IDENTIFIER = CLC.GradesFunctionThing;
				PRODUCT_NAME = "$(TARGET_NAME)";
				SWIFT_EMIT_LOC_STRINGS = YES;
				SWIFT_VERSION = 5.0;
				TARGETED_DEVICE_FAMILY = "1,2";
			};
			name = Debug;
		};
		280FEF132C9C50F500751761 /* Release */ = {
			isa = XCBuildConfiguration;
			buildSettings = {
				ASSETCATALOG_COMPILER_APPICON_NAME = AppIcon;
				ASSETCATALOG_COMPILER_GLOBAL_ACCENT_COLOR_NAME = AccentColor;
				CODE_SIGN_STYLE = Automatic;
				CURRENT_PROJECT_VERSION = 1;
				DEVELOPMENT_TEAM = TLM7AGR4U4;
				GENERATE_INFOPLIST_FILE = YES;
				INFOPLIST_FILE = GradesFunctionThing/Info.plist;
				INFOPLIST_KEY_UIApplicationSupportsIndirectInputEvents = YES;
				INFOPLIST_KEY_UILaunchStoryboardName = LaunchScreen;
				INFOPLIST_KEY_UIMainStoryboardFile = Main;
				INFOPLIST_KEY_UISupportedInterfaceOrientations_iPad = "UIInterfaceOrientationPortrait UIInterfaceOrientationPortraitUpsideDown UIInterfaceOrientationLandscapeLeft UIInterfaceOrientationLandscapeRight";
				INFOPLIST_KEY_UISupportedInterfaceOrientations_iPhone = "UIInterfaceOrientationPortrait UIInterfaceOrientationLandscapeLeft UIInterfaceOrientationLandscapeRight";
				LD_RUNPATH_SEARCH_PATHS = (
					"$(inherited)",
					"@executable_path/Frameworks",
				);
				MARKETING_VERSION = 1.0;
				PRODUCT_BUNDLE_IDENTIFIER = CLC.GradesFunctionThing;
				PRODUCT_NAME = "$(TARGET_NAME)";
				SWIFT_EMIT_LOC_STRINGS = YES;
				SWIFT_VERSION = 5.0;
				TARGETED_DEVICE_FAMILY = "1,2";
			};
			name = Release;
		};
		280FEF142C9C50F500751761 /* Debug */ = {
			isa = XCBuildConfiguration;
			buildSettings = {
				ALWAYS_SEARCH_USER_PATHS = NO;
				ASSETCATALOG_COMPILER_GENERATE_SWIFT_ASSET_SYMBOL_EXTENSIONS = YES;
				CLANG_ANALYZER_NONNULL = YES;
				CLANG_ANALYZER_NUMBER_OBJECT_CONVERSION = YES_AGGRESSIVE;
				CLANG_CXX_LANGUAGE_STANDARD = "gnu++20";
				CLANG_ENABLE_MODULES = YES;
				CLANG_ENABLE_OBJC_ARC = YES;
				CLANG_ENABLE_OBJC_WEAK = YES;
				CLANG_WARN_BLOCK_CAPTURE_AUTORELEASING = YES;
				CLANG_WARN_BOOL_CONVERSION = YES;
				CLANG_WARN_COMMA = YES;
				CLANG_WARN_CONSTANT_CONVERSION = YES;
				CLANG_WARN_DEPRECATED_OBJC_IMPLEMENTATIONS = YES;
				CLANG_WARN_DIRECT_OBJC_ISA_USAGE = YES_ERROR;
				CLANG_WARN_DOCUMENTATION_COMMENTS = YES;
				CLANG_WARN_EMPTY_BODY = YES;
				CLANG_WARN_ENUM_CONVERSION = YES;
				CLANG_WARN_INFINITE_RECURSION = YES;
				CLANG_WARN_INT_CONVERSION = YES;
				CLANG_WARN_NON_LITERAL_NULL_CONVERSION = YES;
				CLANG_WARN_OBJC_IMPLICIT_RETAIN_SELF = YES;
				CLANG_WARN_OBJC_LITERAL_CONVERSION = YES;
				CLANG_WARN_OBJC_ROOT_CLASS = YES_ERROR;
				CLANG_WARN_QUOTED_INCLUDE_IN_FRAMEWORK_HEADER = YES;
				CLANG_WARN_RANGE_LOOP_ANALYSIS = YES;
				CLANG_WARN_STRICT_PROTOTYPES = YES;
				CLANG_WARN_SUSPICIOUS_MOVE = YES;
				CLANG_WARN_UNGUARDED_AVAILABILITY = YES_AGGRESSIVE;
				CLANG_WARN_UNREACHABLE_CODE = YES;
				CLANG_WARN__DUPLICATE_METHOD_MATCH = YES;
				COPY_PHASE_STRIP = NO;
				DEBUG_INFORMATION_FORMAT = dwarf;
				ENABLE_STRICT_OBJC_MSGSEND = YES;
				ENABLE_TESTABILITY = YES;
				ENABLE_USER_SCRIPT_SANDBOXING = YES;
				GCC_C_LANGUAGE_STANDARD = gnu17;
				GCC_DYNAMIC_NO_PIC = NO;
				GCC_NO_COMMON_BLOCKS = YES;
				GCC_OPTIMIZATION_LEVEL = 0;
				GCC_PREPROCESSOR_DEFINITIONS = (
					"DEBUG=1",
					"$(inherited)",
				);
				GCC_WARN_64_TO_32_BIT_CONVERSION = YES;
				GCC_WARN_ABOUT_RETURN_TYPE = YES_ERROR;
				GCC_WARN_UNDECLARED_SELECTOR = YES;
				GCC_WARN_UNINITIALIZED_AUTOS = YES_AGGRESSIVE;
				GCC_WARN_UNUSED_FUNCTION = YES;
				GCC_WARN_UNUSED_VARIABLE = YES;
				IPHONEOS_DEPLOYMENT_TARGET = 18.0;
				LOCALIZATION_PREFERS_STRING_CATALOGS = YES;
				MTL_ENABLE_DEBUG_INFO = INCLUDE_SOURCE;
				MTL_FAST_MATH = YES;
				ONLY_ACTIVE_ARCH = YES;
				SDKROOT = iphoneos;
				SWIFT_ACTIVE_COMPILATION_CONDITIONS = "DEBUG $(inherited)";
				SWIFT_OPTIMIZATION_LEVEL = "-Onone";
			};
			name = Debug;
		};
		280FEF152C9C50F500751761 /* Release */ = {
			isa = XCBuildConfiguration;
			buildSettings = {
				ALWAYS_SEARCH_USER_PATHS = NO;
				ASSETCATALOG_COMPILER_GENERATE_SWIFT_ASSET_SYMBOL_EXTENSIONS = YES;
				CLANG_ANALYZER_NONNULL = YES;
				CLANG_ANALYZER_NUMBER_OBJECT_CONVERSION = YES_AGGRESSIVE;
				CLANG_CXX_LANGUAGE_STANDARD = "gnu++20";
				CLANG_ENABLE_MODULES = YES;
				CLANG_ENABLE_OBJC_ARC = YES;
				CLANG_ENABLE_OBJC_WEAK = YES;
				CLANG_WARN_BLOCK_CAPTURE_AUTORELEASING = YES;
				CLANG_WARN_BOOL_CONVERSION = YES;
				CLANG_WARN_COMMA = YES;
				CLANG_WARN_CONSTANT_CONVERSION = YES;
				CLANG_WARN_DEPRECATED_OBJC_IMPLEMENTATIONS = YES;
				CLANG_WARN_DIRECT_OBJC_ISA_USAGE = YES_ERROR;
				CLANG_WARN_DOCUMENTATION_COMMENTS = YES;
				CLANG_WARN_EMPTY_BODY = YES;
				CLANG_WARN_ENUM_CONVERSION = YES;
				CLANG_WARN_INFINITE_RECURSION = YES;
				CLANG_WARN_INT_CONVERSION = YES;
				CLANG_WARN_NON_LITERAL_NULL_CONVERSION = YES;
				CLANG_WARN_OBJC_IMPLICIT_RETAIN_SELF = YES;
				CLANG_WARN_OBJC_LITERAL_CONVERSION = YES;
				CLANG_WARN_OBJC_ROOT_CLASS = YES_ERROR;
				CLANG_WARN_QUOTED_INCLUDE_IN_FRAMEWORK_HEADER = YES;
				CLANG_WARN_RANGE_LOOP_ANALYSIS = YES;
				CLANG_WARN_STRICT_PROTOTYPES = YES;
				CLANG_WARN_SUSPICIOUS_MOVE = YES;
				CLANG_WARN_UNGUARDED_AVAILABILITY = YES_AGGRESSIVE;
				CLANG_WARN_UNREACHABLE_CODE = YES;
				CLANG_WARN__DUPLICATE_METHOD_MATCH = YES;
				COPY_PHASE_STRIP = NO;
				DEBUG_INFORMATION_FORMAT = "dwarf-with-dsym";
				ENABLE_NS_ASSERTIONS = NO;
				ENABLE_STRICT_OBJC_MSGSEND = YES;
				ENABLE_USER_SCRIPT_SANDBOXING = YES;
				GCC_C_LANGUAGE_STANDARD = gnu17;
				GCC_NO_COMMON_BLOCKS = YES;
				GCC_WARN_64_TO_32_BIT_CONVERSION = YES;
				GCC_WARN_ABOUT_RETURN_TYPE = YES_ERROR;
				GCC_WARN_UNDECLARED_SELECTOR = YES;
				GCC_WARN_UNINITIALIZED_AUTOS = YES_AGGRESSIVE;
				GCC_WARN_UNUSED_FUNCTION = YES;
				GCC_WARN_UNUSED_VARIABLE = YES;
				IPHONEOS_DEPLOYMENT_TARGET = 18.0;
				LOCALIZATION_PREFERS_STRING_CATALOGS = YES;
				MTL_ENABLE_DEBUG_INFO = NO;
				MTL_FAST_MATH = YES;
				SDKROOT = iphoneos;
				SWIFT_COMPILATION_MODE = wholemodule;
				VALIDATE_PRODUCT = YES;
			};
			name = Release;
		};
		280FEF172C9C50F500751761 /* Debug */ = {
			isa = XCBuildConfiguration;
			buildSettings = {
				BUNDLE_LOADER = "$(TEST_HOST)";
				CODE_SIGN_STYLE = Automatic;
				CURRENT_PROJECT_VERSION = 1;
				DEVELOPMENT_TEAM = TLM7AGR4U4;
				GENERATE_INFOPLIST_FILE = YES;
				IPHONEOS_DEPLOYMENT_TARGET = 18.0;
				MARKETING_VERSION = 1.0;
				PRODUCT_BUNDLE_IDENTIFIER = CLC.GradesFunctionThingTests;
				PRODUCT_NAME = "$(TARGET_NAME)";
				SWIFT_EMIT_LOC_STRINGS = NO;
				SWIFT_VERSION = 5.0;
				TARGETED_DEVICE_FAMILY = "1,2";
				TEST_HOST = "$(BUILT_PRODUCTS_DIR)/GradesFunctionThing.app/$(BUNDLE_EXECUTABLE_FOLDER_PATH)/GradesFunctionThing";
			};
			name = Debug;
		};
		280FEF182C9C50F500751761 /* Release */ = {
			isa = XCBuildConfiguration;
			buildSettings = {
				BUNDLE_LOADER = "$(TEST_HOST)";
				CODE_SIGN_STYLE = Automatic;
				CURRENT_PROJECT_VERSION = 1;
				DEVELOPMENT_TEAM = TLM7AGR4U4;
				GENERATE_INFOPLIST_FILE = YES;
				IPHONEOS_DEPLOYMENT_TARGET = 18.0;
				MARKETING_VERSION = 1.0;
				PRODUCT_BUNDLE_IDENTIFIER = CLC.GradesFunctionThingTests;
				PRODUCT_NAME = "$(TARGET_NAME)";
				SWIFT_EMIT_LOC_STRINGS = NO;
				SWIFT_VERSION = 5.0;
				TARGETED_DEVICE_FAMILY = "1,2";
				TEST_HOST = "$(BUILT_PRODUCTS_DIR)/GradesFunctionThing.app/$(BUNDLE_EXECUTABLE_FOLDER_PATH)/GradesFunctionThing";
			};
			name = Release;
		};
		280FEF1A2C9C50F500751761 /* Debug */ = {
			isa = XCBuildConfiguration;
			buildSettings = {
				CODE_SIGN_STYLE = Automatic;
				CURRENT_PROJECT_VERSION = 1;
				DEVELOPMENT_TEAM = TLM7AGR4U4;
				GENERATE_INFOPLIST_FILE = YES;
				MARKETING_VERSION = 1.0;
				PRODUCT_BUNDLE_IDENTIFIER = CLC.GradesFunctionThingUITests;
				PRODUCT_NAME = "$(TARGET_NAME)";
				SWIFT_EMIT_LOC_STRINGS = NO;
				SWIFT_VERSION = 5.0;
				TARGETED_DEVICE_FAMILY = "1,2";
				TEST_TARGET_NAME = GradesFunctionThing;
			};
			name = Debug;
		};
		280FEF1B2C9C50F500751761 /* Release */ = {
			isa = XCBuildConfiguration;
			buildSettings = {
				CODE_SIGN_STYLE = Automatic;
				CURRENT_PROJECT_VERSION = 1;
				DEVELOPMENT_TEAM = TLM7AGR4U4;
				GENERATE_INFOPLIST_FILE = YES;
				MARKETING_VERSION = 1.0;
				PRODUCT_BUNDLE_IDENTIFIER = CLC.GradesFunctionThingUITests;
				PRODUCT_NAME = "$(TARGET_NAME)";
				SWIFT_EMIT_LOC_STRINGS = NO;
				SWIFT_VERSION = 5.0;
				TARGETED_DEVICE_FAMILY = "1,2";
				TEST_TARGET_NAME = GradesFunctionThing;
			};
			name = Release;
		};
/* End XCBuildConfiguration section */

/* Begin XCConfigurationList section */
		280FEEE02C9C50F300751761 /* Build configuration list for PBXProject "GradesFunctionThing" */ = {
			isa = XCConfigurationList;
			buildConfigurations = (
				280FEF142C9C50F500751761 /* Debug */,
				280FEF152C9C50F500751761 /* Release */,
			);
			defaultConfigurationIsVisible = 0;
			defaultConfigurationName = Release;
		};
		280FEF112C9C50F500751761 /* Build configuration list for PBXNativeTarget "GradesFunctionThing" */ = {
			isa = XCConfigurationList;
			buildConfigurations = (
				280FEF122C9C50F500751761 /* Debug */,
				280FEF132C9C50F500751761 /* Release */,
			);
			defaultConfigurationIsVisible = 0;
			defaultConfigurationName = Release;
		};
		280FEF162C9C50F500751761 /* Build configuration list for PBXNativeTarget "GradesFunctionThingTests" */ = {
			isa = XCConfigurationList;
			buildConfigurations = (
				280FEF172C9C50F500751761 /* Debug */,
				280FEF182C9C50F500751761 /* Release */,
			);
			defaultConfigurationIsVisible = 0;
			defaultConfigurationName = Release;
		};
		280FEF192C9C50F500751761 /* Build configuration list for PBXNativeTarget "GradesFunctionThingUITests" */ = {
			isa = XCConfigurationList;
			buildConfigurations = (
				280FEF1A2C9C50F500751761 /* Debug */,
				280FEF1B2C9C50F500751761 /* Release */,
			);
			defaultConfigurationIsVisible = 0;
			defaultConfigurationName = Release;
		};
/* End XCConfigurationList section */
	};
	rootObject = 280FEEDD2C9C50F300751761 /* Project object */;
}
